// !$*UTF8*$!
{
	archiveVersion = 1;
	classes = {
	};
	objectVersion = 46;
	objects = {

/* Begin PBXBuildFile section */
		F720C1401EB2CB3D00218DCF /* NotificationCenter.framework in Frameworks */ = {isa = PBXBuildFile; fileRef = F720C13F1EB2CB3D00218DCF /* NotificationCenter.framework */; };
		F720C1441EB2CB3D00218DCF /* TodayViewController.m in Sources */ = {isa = PBXBuildFile; fileRef = F720C1431EB2CB3D00218DCF /* TodayViewController.m */; };
		F720C1471EB2CB3D00218DCF /* MainInterface.storyboard in Resources */ = {isa = PBXBuildFile; fileRef = F720C1451EB2CB3D00218DCF /* MainInterface.storyboard */; };
		F720C14B1EB2CB3D00218DCF /* Widget.appex in Embed App Extensions */ = {isa = PBXBuildFile; fileRef = F720C13D1EB2CB3D00218DCF /* Widget.appex */; settings = {ATTRIBUTES = (RemoveHeadersOnCopy, ); }; };
		F720C1501EB2CDC400218DCF /* WGBLECentralManager+Connect.m in Sources */ = {isa = PBXBuildFile; fileRef = F7A4F9F11B1D6F5A00B84A4E /* WGBLECentralManager+Connect.m */; };
		F720C1511EB2CDC400218DCF /* WGBLECentralManager+Delegate.m in Sources */ = {isa = PBXBuildFile; fileRef = F7A4F9F31B1D6F5A00B84A4E /* WGBLECentralManager+Delegate.m */; };
		F720C1521EB2CDC400218DCF /* WGBLECentralManager+Scan.m in Sources */ = {isa = PBXBuildFile; fileRef = F7A4F9F51B1D6F5A00B84A4E /* WGBLECentralManager+Scan.m */; };
		F720C1531EB2CDC400218DCF /* WGBLECentralManager.m in Sources */ = {isa = PBXBuildFile; fileRef = F7A4F9F71B1D6F5A00B84A4E /* WGBLECentralManager.m */; };
		F720C1541EB2CDC400218DCF /* WGBLEPeripheral+Discover.m in Sources */ = {isa = PBXBuildFile; fileRef = F7A4F9FA1B1D6F5A00B84A4E /* WGBLEPeripheral+Discover.m */; };
		F720C1551EB2CDC400218DCF /* WGBLEPeripheral.m in Sources */ = {isa = PBXBuildFile; fileRef = F7A4F9FC1B1D6F5A00B84A4E /* WGBLEPeripheral.m */; };
		F7A4F9C71B1D6EEA00B84A4E /* main.m in Sources */ = {isa = PBXBuildFile; fileRef = F7A4F9C61B1D6EEA00B84A4E /* main.m */; };
		F7A4F9CA1B1D6EEA00B84A4E /* AppDelegate.m in Sources */ = {isa = PBXBuildFile; fileRef = F7A4F9C91B1D6EEA00B84A4E /* AppDelegate.m */; };
		F7A4F9D31B1D6EEA00B84A4E /* Main.storyboard in Resources */ = {isa = PBXBuildFile; fileRef = F7A4F9D11B1D6EEA00B84A4E /* Main.storyboard */; };
		F7A4F9D51B1D6EEA00B84A4E /* Images.xcassets in Resources */ = {isa = PBXBuildFile; fileRef = F7A4F9D41B1D6EEA00B84A4E /* Images.xcassets */; };
		F7A4F9D81B1D6EEA00B84A4E /* LaunchScreen.xib in Resources */ = {isa = PBXBuildFile; fileRef = F7A4F9D61B1D6EEA00B84A4E /* LaunchScreen.xib */; };
		F7A4F9FD1B1D6F5A00B84A4E /* WGBLECentralManager+Connect.m in Sources */ = {isa = PBXBuildFile; fileRef = F7A4F9F11B1D6F5A00B84A4E /* WGBLECentralManager+Connect.m */; };
		F7A4F9FF1B1D6F5A00B84A4E /* WGBLECentralManager+Delegate.m in Sources */ = {isa = PBXBuildFile; fileRef = F7A4F9F31B1D6F5A00B84A4E /* WGBLECentralManager+Delegate.m */; };
		F7A4FA011B1D6F5A00B84A4E /* WGBLECentralManager+Scan.m in Sources */ = {isa = PBXBuildFile; fileRef = F7A4F9F51B1D6F5A00B84A4E /* WGBLECentralManager+Scan.m */; };
		F7A4FA031B1D6F5A00B84A4E /* WGBLECentralManager.m in Sources */ = {isa = PBXBuildFile; fileRef = F7A4F9F71B1D6F5A00B84A4E /* WGBLECentralManager.m */; };
		F7A4FA051B1D6F5A00B84A4E /* WGBLEPeripheral+Discover.m in Sources */ = {isa = PBXBuildFile; fileRef = F7A4F9FA1B1D6F5A00B84A4E /* WGBLEPeripheral+Discover.m */; };
		F7A4FA071B1D6F5A00B84A4E /* WGBLEPeripheral.m in Sources */ = {isa = PBXBuildFile; fileRef = F7A4F9FC1B1D6F5A00B84A4E /* WGBLEPeripheral.m */; };
		F7A4FA0B1B1D705D00B84A4E /* ViewController.m in Sources */ = {isa = PBXBuildFile; fileRef = F7A4FA0A1B1D705D00B84A4E /* ViewController.m */; };
/* End PBXBuildFile section */

/* Begin PBXContainerItemProxy section */
		F720C1491EB2CB3D00218DCF /* PBXContainerItemProxy */ = {
			isa = PBXContainerItemProxy;
			containerPortal = F7A4F9B91B1D6EEA00B84A4E /* Project object */;
			proxyType = 1;
			remoteGlobalIDString = F720C13C1EB2CB3D00218DCF;
			remoteInfo = Widget;
		};
/* End PBXContainerItemProxy section */

/* Begin PBXCopyFilesBuildPhase section */
		F720C14F1EB2CB3D00218DCF /* Embed App Extensions */ = {
			isa = PBXCopyFilesBuildPhase;
			buildActionMask = 2147483647;
			dstPath = "";
			dstSubfolderSpec = 13;
			files = (
				F720C14B1EB2CB3D00218DCF /* Widget.appex in Embed App Extensions */,
			);
			name = "Embed App Extensions";
			runOnlyForDeploymentPostprocessing = 0;
		};
/* End PBXCopyFilesBuildPhase section */

/* Begin PBXFileReference section */
		F720C13D1EB2CB3D00218DCF /* Widget.appex */ = {isa = PBXFileReference; explicitFileType = "wrapper.app-extension"; includeInIndex = 0; path = Widget.appex; sourceTree = BUILT_PRODUCTS_DIR; };
		F720C13F1EB2CB3D00218DCF /* NotificationCenter.framework */ = {isa = PBXFileReference; lastKnownFileType = wrapper.framework; name = NotificationCenter.framework; path = System/Library/Frameworks/NotificationCenter.framework; sourceTree = SDKROOT; };
		F720C1421EB2CB3D00218DCF /* TodayViewController.h */ = {isa = PBXFileReference; lastKnownFileType = sourcecode.c.h; path = TodayViewController.h; sourceTree = "<group>"; };
		F720C1431EB2CB3D00218DCF /* TodayViewController.m */ = {isa = PBXFileReference; lastKnownFileType = sourcecode.c.objc; path = TodayViewController.m; sourceTree = "<group>"; };
		F720C1461EB2CB3D00218DCF /* Base */ = {isa = PBXFileReference; lastKnownFileType = file.storyboard; name = Base; path = Base.lproj/MainInterface.storyboard; sourceTree = "<group>"; };
		F720C1481EB2CB3D00218DCF /* Info.plist */ = {isa = PBXFileReference; lastKnownFileType = text.plist.xml; path = Info.plist; sourceTree = "<group>"; };
		F7A4F9C11B1D6EEA00B84A4E /* WGBLE.app */ = {isa = PBXFileReference; explicitFileType = wrapper.application; includeInIndex = 0; path = WGBLE.app; sourceTree = BUILT_PRODUCTS_DIR; };
		F7A4F9C51B1D6EEA00B84A4E /* Info.plist */ = {isa = PBXFileReference; lastKnownFileType = text.plist.xml; path = Info.plist; sourceTree = "<group>"; };
		F7A4F9C61B1D6EEA00B84A4E /* main.m */ = {isa = PBXFileReference; lastKnownFileType = sourcecode.c.objc; path = main.m; sourceTree = "<group>"; };
		F7A4F9C81B1D6EEA00B84A4E /* AppDelegate.h */ = {isa = PBXFileReference; lastKnownFileType = sourcecode.c.h; path = AppDelegate.h; sourceTree = "<group>"; };
		F7A4F9C91B1D6EEA00B84A4E /* AppDelegate.m */ = {isa = PBXFileReference; lastKnownFileType = sourcecode.c.objc; path = AppDelegate.m; sourceTree = "<group>"; };
		F7A4F9D21B1D6EEA00B84A4E /* Base */ = {isa = PBXFileReference; lastKnownFileType = file.storyboard; name = Base; path = Base.lproj/Main.storyboard; sourceTree = "<group>"; };
		F7A4F9D41B1D6EEA00B84A4E /* Images.xcassets */ = {isa = PBXFileReference; lastKnownFileType = folder.assetcatalog; path = Images.xcassets; sourceTree = "<group>"; };
		F7A4F9D71B1D6EEA00B84A4E /* Base */ = {isa = PBXFileReference; lastKnownFileType = file.xib; name = Base; path = Base.lproj/LaunchScreen.xib; sourceTree = "<group>"; };
		F7A4F9E21B1D6EEA00B84A4E /* Info.plist */ = {isa = PBXFileReference; lastKnownFileType = text.plist.xml; path = Info.plist; sourceTree = "<group>"; };
		F7A4F9E31B1D6EEA00B84A4E /* WGBLETests.m */ = {isa = PBXFileReference; lastKnownFileType = sourcecode.c.objc; path = WGBLETests.m; sourceTree = "<group>"; };
		F7A4F9EE1B1D6F5A00B84A4E /* WGBLE.h */ = {isa = PBXFileReference; fileEncoding = 4; lastKnownFileType = sourcecode.c.h; path = WGBLE.h; sourceTree = "<group>"; };
		F7A4F9F01B1D6F5A00B84A4E /* WGBLECentralManager+Connect.h */ = {isa = PBXFileReference; fileEncoding = 4; lastKnownFileType = sourcecode.c.h; path = "WGBLECentralManager+Connect.h"; sourceTree = "<group>"; };
		F7A4F9F11B1D6F5A00B84A4E /* WGBLECentralManager+Connect.m */ = {isa = PBXFileReference; fileEncoding = 4; lastKnownFileType = sourcecode.c.objc; path = "WGBLECentralManager+Connect.m"; sourceTree = "<group>"; };
		F7A4F9F21B1D6F5A00B84A4E /* WGBLECentralManager+Delegate.h */ = {isa = PBXFileReference; fileEncoding = 4; lastKnownFileType = sourcecode.c.h; path = "WGBLECentralManager+Delegate.h"; sourceTree = "<group>"; };
		F7A4F9F31B1D6F5A00B84A4E /* WGBLECentralManager+Delegate.m */ = {isa = PBXFileReference; fileEncoding = 4; lastKnownFileType = sourcecode.c.objc; path = "WGBLECentralManager+Delegate.m"; sourceTree = "<group>"; };
		F7A4F9F41B1D6F5A00B84A4E /* WGBLECentralManager+Scan.h */ = {isa = PBXFileReference; fileEncoding = 4; lastKnownFileType = sourcecode.c.h; path = "WGBLECentralManager+Scan.h"; sourceTree = "<group>"; };
		F7A4F9F51B1D6F5A00B84A4E /* WGBLECentralManager+Scan.m */ = {isa = PBXFileReference; fileEncoding = 4; lastKnownFileType = sourcecode.c.objc; path = "WGBLECentralManager+Scan.m"; sourceTree = "<group>"; };
		F7A4F9F61B1D6F5A00B84A4E /* WGBLECentralManager.h */ = {isa = PBXFileReference; fileEncoding = 4; lastKnownFileType = sourcecode.c.h; path = WGBLECentralManager.h; sourceTree = "<group>"; };
		F7A4F9F71B1D6F5A00B84A4E /* WGBLECentralManager.m */ = {isa = PBXFileReference; fileEncoding = 4; lastKnownFileType = sourcecode.c.objc; path = WGBLECentralManager.m; sourceTree = "<group>"; };
		F7A4F9F91B1D6F5A00B84A4E /* WGBLEPeripheral+Discover.h */ = {isa = PBXFileReference; fileEncoding = 4; lastKnownFileType = sourcecode.c.h; path = "WGBLEPeripheral+Discover.h"; sourceTree = "<group>"; };
		F7A4F9FA1B1D6F5A00B84A4E /* WGBLEPeripheral+Discover.m */ = {isa = PBXFileReference; fileEncoding = 4; lastKnownFileType = sourcecode.c.objc; path = "WGBLEPeripheral+Discover.m"; sourceTree = "<group>"; };
		F7A4F9FB1B1D6F5A00B84A4E /* WGBLEPeripheral.h */ = {isa = PBXFileReference; fileEncoding = 4; lastKnownFileType = sourcecode.c.h; path = WGBLEPeripheral.h; sourceTree = "<group>"; };
		F7A4F9FC1B1D6F5A00B84A4E /* WGBLEPeripheral.m */ = {isa = PBXFileReference; fileEncoding = 4; lastKnownFileType = sourcecode.c.objc; path = WGBLEPeripheral.m; sourceTree = "<group>"; };
		F7A4FA091B1D705D00B84A4E /* ViewController.h */ = {isa = PBXFileReference; fileEncoding = 4; lastKnownFileType = sourcecode.c.h; path = ViewController.h; sourceTree = "<group>"; };
		F7A4FA0A1B1D705D00B84A4E /* ViewController.m */ = {isa = PBXFileReference; fileEncoding = 4; lastKnownFileType = sourcecode.c.objc; path = ViewController.m; sourceTree = "<group>"; };
/* End PBXFileReference section */

/* Begin PBXFrameworksBuildPhase section */
		F720C13A1EB2CB3D00218DCF /* Frameworks */ = {
			isa = PBXFrameworksBuildPhase;
			buildActionMask = 2147483647;
			files = (
				F720C1401EB2CB3D00218DCF /* NotificationCenter.framework in Frameworks */,
			);
			runOnlyForDeploymentPostprocessing = 0;
		};
		F7A4F9BE1B1D6EEA00B84A4E /* Frameworks */ = {
			isa = PBXFrameworksBuildPhase;
			buildActionMask = 2147483647;
			files = (
			);
			runOnlyForDeploymentPostprocessing = 0;
		};
/* End PBXFrameworksBuildPhase section */

/* Begin PBXGroup section */
		F720C13E1EB2CB3D00218DCF /* Frameworks */ = {
			isa = PBXGroup;
			children = (
				F720C13F1EB2CB3D00218DCF /* NotificationCenter.framework */,
			);
			name = Frameworks;
			sourceTree = "<group>";
		};
		F720C1411EB2CB3D00218DCF /* Widget */ = {
			isa = PBXGroup;
			children = (
				F720C1421EB2CB3D00218DCF /* TodayViewController.h */,
				F720C1431EB2CB3D00218DCF /* TodayViewController.m */,
				F720C1451EB2CB3D00218DCF /* MainInterface.storyboard */,
				F720C1481EB2CB3D00218DCF /* Info.plist */,
			);
			path = Widget;
			sourceTree = "<group>";
		};
		F7A4F9B81B1D6EEA00B84A4E = {
			isa = PBXGroup;
			children = (
				F7A4F9ED1B1D6F5A00B84A4E /* WGBLE */,
				F7A4F9C31B1D6EEA00B84A4E /* DEMO */,
				F7A4F9E01B1D6EEA00B84A4E /* WGBLETests */,
				F720C1411EB2CB3D00218DCF /* Widget */,
				F720C13E1EB2CB3D00218DCF /* Frameworks */,
				F7A4F9C21B1D6EEA00B84A4E /* Products */,
			);
			sourceTree = "<group>";
		};
		F7A4F9C21B1D6EEA00B84A4E /* Products */ = {
			isa = PBXGroup;
			children = (
				F7A4F9C11B1D6EEA00B84A4E /* WGBLE.app */,
				F720C13D1EB2CB3D00218DCF /* Widget.appex */,
			);
			name = Products;
			sourceTree = "<group>";
		};
		F7A4F9C31B1D6EEA00B84A4E /* DEMO */ = {
			isa = PBXGroup;
			children = (
				F7A4F9C81B1D6EEA00B84A4E /* AppDelegate.h */,
				F7A4F9C91B1D6EEA00B84A4E /* AppDelegate.m */,
				F7A4FA091B1D705D00B84A4E /* ViewController.h */,
				F7A4FA0A1B1D705D00B84A4E /* ViewController.m */,
				F7A4F9D11B1D6EEA00B84A4E /* Main.storyboard */,
				F7A4F9D41B1D6EEA00B84A4E /* Images.xcassets */,
				F7A4F9D61B1D6EEA00B84A4E /* LaunchScreen.xib */,
				F7A4F9C41B1D6EEA00B84A4E /* Supporting Files */,
			);
			name = DEMO;
			path = WGBLE;
			sourceTree = "<group>";
		};
		F7A4F9C41B1D6EEA00B84A4E /* Supporting Files */ = {
			isa = PBXGroup;
			children = (
				F7A4F9C51B1D6EEA00B84A4E /* Info.plist */,
				F7A4F9C61B1D6EEA00B84A4E /* main.m */,
			);
			name = "Supporting Files";
			sourceTree = "<group>";
		};
		F7A4F9E01B1D6EEA00B84A4E /* WGBLETests */ = {
			isa = PBXGroup;
			children = (
				F7A4F9E31B1D6EEA00B84A4E /* WGBLETests.m */,
				F7A4F9E11B1D6EEA00B84A4E /* Supporting Files */,
			);
			path = WGBLETests;
			sourceTree = "<group>";
		};
		F7A4F9E11B1D6EEA00B84A4E /* Supporting Files */ = {
			isa = PBXGroup;
			children = (
				F7A4F9E21B1D6EEA00B84A4E /* Info.plist */,
			);
			name = "Supporting Files";
			sourceTree = "<group>";
		};
		F7A4F9ED1B1D6F5A00B84A4E /* WGBLE */ = {
			isa = PBXGroup;
			children = (
				F7A4F9EE1B1D6F5A00B84A4E /* WGBLE.h */,
				F7A4F9EF1B1D6F5A00B84A4E /* WGBLECentralManager */,
				F7A4F9F81B1D6F5A00B84A4E /* WGBLEPeripheral */,
			);
			name = WGBLE;
			path = ../WGBLE;
			sourceTree = "<group>";
		};
		F7A4F9EF1B1D6F5A00B84A4E /* WGBLECentralManager */ = {
			isa = PBXGroup;
			children = (
				F7A4F9F01B1D6F5A00B84A4E /* WGBLECentralManager+Connect.h */,
				F7A4F9F11B1D6F5A00B84A4E /* WGBLECentralManager+Connect.m */,
				F7A4F9F21B1D6F5A00B84A4E /* WGBLECentralManager+Delegate.h */,
				F7A4F9F31B1D6F5A00B84A4E /* WGBLECentralManager+Delegate.m */,
				F7A4F9F41B1D6F5A00B84A4E /* WGBLECentralManager+Scan.h */,
				F7A4F9F51B1D6F5A00B84A4E /* WGBLECentralManager+Scan.m */,
				F7A4F9F61B1D6F5A00B84A4E /* WGBLECentralManager.h */,
				F7A4F9F71B1D6F5A00B84A4E /* WGBLECentralManager.m */,
			);
			path = WGBLECentralManager;
			sourceTree = "<group>";
		};
		F7A4F9F81B1D6F5A00B84A4E /* WGBLEPeripheral */ = {
			isa = PBXGroup;
			children = (
				F7A4F9F91B1D6F5A00B84A4E /* WGBLEPeripheral+Discover.h */,
				F7A4F9FA1B1D6F5A00B84A4E /* WGBLEPeripheral+Discover.m */,
				F7A4F9FB1B1D6F5A00B84A4E /* WGBLEPeripheral.h */,
				F7A4F9FC1B1D6F5A00B84A4E /* WGBLEPeripheral.m */,
			);
			path = WGBLEPeripheral;
			sourceTree = "<group>";
		};
/* End PBXGroup section */

/* Begin PBXNativeTarget section */
		F720C13C1EB2CB3D00218DCF /* Widget */ = {
			isa = PBXNativeTarget;
			buildConfigurationList = F720C14C1EB2CB3D00218DCF /* Build configuration list for PBXNativeTarget "Widget" */;
			buildPhases = (
				F720C1391EB2CB3D00218DCF /* Sources */,
				F720C13A1EB2CB3D00218DCF /* Frameworks */,
				F720C13B1EB2CB3D00218DCF /* Resources */,
			);
			buildRules = (
			);
			dependencies = (
			);
			name = Widget;
			productName = Widget;
			productReference = F720C13D1EB2CB3D00218DCF /* Widget.appex */;
			productType = "com.apple.product-type.app-extension";
		};
		F7A4F9C01B1D6EEA00B84A4E /* WGBLE */ = {
			isa = PBXNativeTarget;
			buildConfigurationList = F7A4F9E71B1D6EEA00B84A4E /* Build configuration list for PBXNativeTarget "WGBLE" */;
			buildPhases = (
				F7A4F9BD1B1D6EEA00B84A4E /* Sources */,
				F7A4F9BE1B1D6EEA00B84A4E /* Frameworks */,
				F7A4F9BF1B1D6EEA00B84A4E /* Resources */,
				F720C14F1EB2CB3D00218DCF /* Embed App Extensions */,
			);
			buildRules = (
			);
			dependencies = (
				F720C14A1EB2CB3D00218DCF /* PBXTargetDependency */,
			);
			name = WGBLE;
			productName = WGBLE;
			productReference = F7A4F9C11B1D6EEA00B84A4E /* WGBLE.app */;
			productType = "com.apple.product-type.application";
		};
/* End PBXNativeTarget section */

/* Begin PBXProject section */
		F7A4F9B91B1D6EEA00B84A4E /* Project object */ = {
			isa = PBXProject;
			attributes = {
				LastUpgradeCheck = 0830;
				ORGANIZATIONNAME = WG;
				TargetAttributes = {
					F720C13C1EB2CB3D00218DCF = {
						CreatedOnToolsVersion = 8.3.2;
						DevelopmentTeam = 9K9256C42S;
						ProvisioningStyle = Automatic;
					};
					F7A4F9C01B1D6EEA00B84A4E = {
						CreatedOnToolsVersion = 6.3.1;
						DevelopmentTeam = 9K9256C42S;
						ProvisioningStyle = Automatic;
						SystemCapabilities = {
							com.apple.BackgroundModes = {
								enabled = 1;
							};
						};
					};
				};
			};
			buildConfigurationList = F7A4F9BC1B1D6EEA00B84A4E /* Build configuration list for PBXProject "WGBLE" */;
			compatibilityVersion = "Xcode 3.2";
			developmentRegion = English;
			hasScannedForEncodings = 0;
			knownRegions = (
				en,
				Base,
			);
			mainGroup = F7A4F9B81B1D6EEA00B84A4E;
			productRefGroup = F7A4F9C21B1D6EEA00B84A4E /* Products */;
			projectDirPath = "";
			projectRoot = "";
			targets = (
				F7A4F9C01B1D6EEA00B84A4E /* WGBLE */,
				F720C13C1EB2CB3D00218DCF /* Widget */,
			);
		};
/* End PBXProject section */

/* Begin PBXResourcesBuildPhase section */
		F720C13B1EB2CB3D00218DCF /* Resources */ = {
			isa = PBXResourcesBuildPhase;
			buildActionMask = 2147483647;
			files = (
				F720C1471EB2CB3D00218DCF /* MainInterface.storyboard in Resources */,
			);
			runOnlyForDeploymentPostprocessing = 0;
		};
		F7A4F9BF1B1D6EEA00B84A4E /* Resources */ = {
			isa = PBXResourcesBuildPhase;
			buildActionMask = 2147483647;
			files = (
				F7A4F9D31B1D6EEA00B84A4E /* Main.storyboard in Resources */,
				F7A4F9D81B1D6EEA00B84A4E /* LaunchScreen.xib in Resources */,
				F7A4F9D51B1D6EEA00B84A4E /* Images.xcassets in Resources */,
			);
			runOnlyForDeploymentPostprocessing = 0;
		};
/* End PBXResourcesBuildPhase section */

/* Begin PBXSourcesBuildPhase section */
		F720C1391EB2CB3D00218DCF /* Sources */ = {
			isa = PBXSourcesBuildPhase;
			buildActionMask = 2147483647;
			files = (
				F720C1501EB2CDC400218DCF /* WGBLECentralManager+Connect.m in Sources */,
				F720C1511EB2CDC400218DCF /* WGBLECentralManager+Delegate.m in Sources */,
				F720C1521EB2CDC400218DCF /* WGBLECentralManager+Scan.m in Sources */,
				F720C1531EB2CDC400218DCF /* WGBLECentralManager.m in Sources */,
				F720C1541EB2CDC400218DCF /* WGBLEPeripheral+Discover.m in Sources */,
				F720C1551EB2CDC400218DCF /* WGBLEPeripheral.m in Sources */,
				F720C1441EB2CB3D00218DCF /* TodayViewController.m in Sources */,
			);
			runOnlyForDeploymentPostprocessing = 0;
		};
		F7A4F9BD1B1D6EEA00B84A4E /* Sources */ = {
			isa = PBXSourcesBuildPhase;
			buildActionMask = 2147483647;
			files = (
				F7A4FA0B1B1D705D00B84A4E /* ViewController.m in Sources */,
				F7A4F9FF1B1D6F5A00B84A4E /* WGBLECentralManager+Delegate.m in Sources */,
				F7A4FA011B1D6F5A00B84A4E /* WGBLECentralManager+Scan.m in Sources */,
				F7A4F9FD1B1D6F5A00B84A4E /* WGBLECentralManager+Connect.m in Sources */,
				F7A4FA051B1D6F5A00B84A4E /* WGBLEPeripheral+Discover.m in Sources */,
				F7A4F9CA1B1D6EEA00B84A4E /* AppDelegate.m in Sources */,
				F7A4FA031B1D6F5A00B84A4E /* WGBLECentralManager.m in Sources */,
				F7A4F9C71B1D6EEA00B84A4E /* main.m in Sources */,
				F7A4FA071B1D6F5A00B84A4E /* WGBLEPeripheral.m in Sources */,
			);
			runOnlyForDeploymentPostprocessing = 0;
		};
/* End PBXSourcesBuildPhase section */

/* Begin PBXTargetDependency section */
		F720C14A1EB2CB3D00218DCF /* PBXTargetDependency */ = {
			isa = PBXTargetDependency;
			target = F720C13C1EB2CB3D00218DCF /* Widget */;
			targetProxy = F720C1491EB2CB3D00218DCF /* PBXContainerItemProxy */;
		};
/* End PBXTargetDependency section */

/* Begin PBXVariantGroup section */
		F720C1451EB2CB3D00218DCF /* MainInterface.storyboard */ = {
			isa = PBXVariantGroup;
			children = (
				F720C1461EB2CB3D00218DCF /* Base */,
			);
			name = MainInterface.storyboard;
			sourceTree = "<group>";
		};
		F7A4F9D11B1D6EEA00B84A4E /* Main.storyboard */ = {
			isa = PBXVariantGroup;
			children = (
				F7A4F9D21B1D6EEA00B84A4E /* Base */,
			);
			name = Main.storyboard;
			sourceTree = "<group>";
		};
		F7A4F9D61B1D6EEA00B84A4E /* LaunchScreen.xib */ = {
			isa = PBXVariantGroup;
			children = (
				F7A4F9D71B1D6EEA00B84A4E /* Base */,
			);
			name = LaunchScreen.xib;
			sourceTree = "<group>";
		};
/* End PBXVariantGroup section */

/* Begin XCBuildConfiguration section */
		F720C14D1EB2CB3D00218DCF /* Debug */ = {
			isa = XCBuildConfiguration;
			buildSettings = {
				CLANG_ANALYZER_NONNULL = YES;
				CLANG_ANALYZER_NUMBER_OBJECT_CONVERSION = YES_AGGRESSIVE;
				CLANG_WARN_DOCUMENTATION_COMMENTS = YES;
				CODE_SIGN_IDENTITY = "iPhone Developer: ZhiQiang Wang (CEPR2M9BG9)";
				"CODE_SIGN_IDENTITY[sdk=iphoneos*]" = "iPhone Developer";
				DEBUG_INFORMATION_FORMAT = dwarf;
				DEVELOPMENT_TEAM = 9K9256C42S;
				INFOPLIST_FILE = Widget/Info.plist;
				IPHONEOS_DEPLOYMENT_TARGET = 10.3;
				LD_RUNPATH_SEARCH_PATHS = "$(inherited) @executable_path/Frameworks @executable_path/../../Frameworks";
				PRODUCT_BUNDLE_IDENTIFIER = com.eduoduo.WGBLE.Widget;
				PRODUCT_NAME = "$(TARGET_NAME)";
				SKIP_INSTALL = YES;
			};
			name = Debug;
		};
		F720C14E1EB2CB3D00218DCF /* Release */ = {
			isa = XCBuildConfiguration;
			buildSettings = {
				CLANG_ANALYZER_NONNULL = YES;
				CLANG_ANALYZER_NUMBER_OBJECT_CONVERSION = YES_AGGRESSIVE;
				CLANG_WARN_DOCUMENTATION_COMMENTS = YES;
				CODE_SIGN_IDENTITY = "iPhone Developer: ZhiQiang Wang (CEPR2M9BG9)";
				"CODE_SIGN_IDENTITY[sdk=iphoneos*]" = "iPhone Developer";
				DEVELOPMENT_TEAM = 9K9256C42S;
				INFOPLIST_FILE = Widget/Info.plist;
				IPHONEOS_DEPLOYMENT_TARGET = 10.3;
				LD_RUNPATH_SEARCH_PATHS = "$(inherited) @executable_path/Frameworks @executable_path/../../Frameworks";
				PRODUCT_BUNDLE_IDENTIFIER = com.eduoduo.WGBLE.Widget;
				PRODUCT_NAME = "$(TARGET_NAME)";
				SKIP_INSTALL = YES;
			};
			name = Release;
		};
		F7A4F9E51B1D6EEA00B84A4E /* Debug */ = {
			isa = XCBuildConfiguration;
			buildSettings = {
				ALWAYS_SEARCH_USER_PATHS = NO;
				CLANG_CXX_LANGUAGE_STANDARD = "gnu++0x";
				CLANG_CXX_LIBRARY = "libc++";
				CLANG_ENABLE_MODULES = YES;
				CLANG_ENABLE_OBJC_ARC = YES;
				CLANG_WARN_BOOL_CONVERSION = YES;
				CLANG_WARN_CONSTANT_CONVERSION = YES;
				CLANG_WARN_DIRECT_OBJC_ISA_USAGE = YES_ERROR;
				CLANG_WARN_EMPTY_BODY = YES;
				CLANG_WARN_ENUM_CONVERSION = YES;
				CLANG_WARN_INFINITE_RECURSION = YES;
				CLANG_WARN_INT_CONVERSION = YES;
				CLANG_WARN_OBJC_ROOT_CLASS = YES_ERROR;
				CLANG_WARN_SUSPICIOUS_MOVE = YES;
				CLANG_WARN_UNREACHABLE_CODE = YES;
				CLANG_WARN__DUPLICATE_METHOD_MATCH = YES;
				"CODE_SIGN_IDENTITY[sdk=iphoneos*]" = "iPhone Developer";
				COPY_PHASE_STRIP = NO;
				DEBUG_INFORMATION_FORMAT = "dwarf-with-dsym";
				ENABLE_STRICT_OBJC_MSGSEND = YES;
				ENABLE_TESTABILITY = YES;
				GCC_C_LANGUAGE_STANDARD = gnu99;
				GCC_DYNAMIC_NO_PIC = NO;
				GCC_NO_COMMON_BLOCKS = YES;
				GCC_OPTIMIZATION_LEVEL = 0;
				GCC_PREPROCESSOR_DEFINITIONS = (
					"DEBUG=1",
					"$(inherited)",
				);
				GCC_SYMBOLS_PRIVATE_EXTERN = NO;
				GCC_WARN_64_TO_32_BIT_CONVERSION = YES;
				GCC_WARN_ABOUT_RETURN_TYPE = YES_ERROR;
				GCC_WARN_UNDECLARED_SELECTOR = YES;
				GCC_WARN_UNINITIALIZED_AUTOS = YES_AGGRESSIVE;
				GCC_WARN_UNUSED_FUNCTION = YES;
				GCC_WARN_UNUSED_VARIABLE = YES;
				IPHONEOS_DEPLOYMENT_TARGET = 8.0;
				MTL_ENABLE_DEBUG_INFO = YES;
				ONLY_ACTIVE_ARCH = YES;
				SDKROOT = iphoneos;
				TARGETED_DEVICE_FAMILY = "1,2";
			};
			name = Debug;
		};
		F7A4F9E61B1D6EEA00B84A4E /* Release */ = {
			isa = XCBuildConfiguration;
			buildSettings = {
				ALWAYS_SEARCH_USER_PATHS = NO;
				CLANG_CXX_LANGUAGE_STANDARD = "gnu++0x";
				CLANG_CXX_LIBRARY = "libc++";
				CLANG_ENABLE_MODULES = YES;
				CLANG_ENABLE_OBJC_ARC = YES;
				CLANG_WARN_BOOL_CONVERSION = YES;
				CLANG_WARN_CONSTANT_CONVERSION = YES;
				CLANG_WARN_DIRECT_OBJC_ISA_USAGE = YES_ERROR;
				CLANG_WARN_EMPTY_BODY = YES;
				CLANG_WARN_ENUM_CONVERSION = YES;
				CLANG_WARN_INFINITE_RECURSION = YES;
				CLANG_WARN_INT_CONVERSION = YES;
				CLANG_WARN_OBJC_ROOT_CLASS = YES_ERROR;
				CLANG_WARN_SUSPICIOUS_MOVE = YES;
				CLANG_WARN_UNREACHABLE_CODE = YES;
				CLANG_WARN__DUPLICATE_METHOD_MATCH = YES;
				"CODE_SIGN_IDENTITY[sdk=iphoneos*]" = "iPhone Developer";
				COPY_PHASE_STRIP = NO;
				DEBUG_INFORMATION_FORMAT = "dwarf-with-dsym";
				ENABLE_NS_ASSERTIONS = NO;
				ENABLE_STRICT_OBJC_MSGSEND = YES;
				GCC_C_LANGUAGE_STANDARD = gnu99;
				GCC_NO_COMMON_BLOCKS = YES;
				GCC_WARN_64_TO_32_BIT_CONVERSION = YES;
				GCC_WARN_ABOUT_RETURN_TYPE = YES_ERROR;
				GCC_WARN_UNDECLARED_SELECTOR = YES;
				GCC_WARN_UNINITIALIZED_AUTOS = YES_AGGRESSIVE;
				GCC_WARN_UNUSED_FUNCTION = YES;
				GCC_WARN_UNUSED_VARIABLE = YES;
				IPHONEOS_DEPLOYMENT_TARGET = 8.0;
				MTL_ENABLE_DEBUG_INFO = NO;
				SDKROOT = iphoneos;
				TARGETED_DEVICE_FAMILY = "1,2";
				VALIDATE_PRODUCT = YES;
			};
			name = Release;
		};
		F7A4F9E81B1D6EEA00B84A4E /* Debug */ = {
			isa = XCBuildConfiguration;
			buildSettings = {
				ASSETCATALOG_COMPILER_APPICON_NAME = AppIcon;
				CODE_SIGN_IDENTITY = "iPhone Developer: ZhiQiang Wang (CEPR2M9BG9)";
				"CODE_SIGN_IDENTITY[sdk=iphoneos*]" = "iPhone Developer";
				DEVELOPMENT_TEAM = 9K9256C42S;
				ENABLE_BITCODE = NO;
				INFOPLIST_FILE = WGBLE/Info.plist;
				IPHONEOS_DEPLOYMENT_TARGET = 8.0;
				LD_RUNPATH_SEARCH_PATHS = "$(inherited) @executable_path/Frameworks";
				PRODUCT_BUNDLE_IDENTIFIER = "com.eduoduo.$(PRODUCT_NAME:rfc1034identifier)";
				PRODUCT_NAME = "$(TARGET_NAME)";
				PROVISIONING_PROFILE = "";
				PROVISIONING_PROFILE_SPECIFIER = "";
			};
			name = Debug;
		};
		F7A4F9E91B1D6EEA00B84A4E /* Release */ = {
			isa = XCBuildConfiguration;
			buildSettings = {
				ASSETCATALOG_COMPILER_APPICON_NAME = AppIcon;
				CODE_SIGN_IDENTITY = "iPhone Developer: ZhiQiang Wang (CEPR2M9BG9)";
				"CODE_SIGN_IDENTITY[sdk=iphoneos*]" = "iPhone Developer";
				DEVELOPMENT_TEAM = 9K9256C42S;
				ENABLE_BITCODE = NO;
				INFOPLIST_FILE = WGBLE/Info.plist;
				IPHONEOS_DEPLOYMENT_TARGET = 8.0;
				LD_RUNPATH_SEARCH_PATHS = "$(inherited) @executable_path/Frameworks";
				PRODUCT_BUNDLE_IDENTIFIER = "com.eduoduo.$(PRODUCT_NAME:rfc1034identifier)";
				PRODUCT_NAME = "$(TARGET_NAME)";
				PROVISIONING_PROFILE = "";
				PROVISIONING_PROFILE_SPECIFIER = "";
			};
			name = Release;
		};
/* End XCBuildConfiguration section */

/* Begin XCConfigurationList section */
		F720C14C1EB2CB3D00218DCF /* Build configuration list for PBXNativeTarget "Widget" */ = {
			isa = XCConfigurationList;
			buildConfigurations = (
				F720C14D1EB2CB3D00218DCF /* Debug */,
				F720C14E1EB2CB3D00218DCF /* Release */,
			);
			defaultConfigurationIsVisible = 0;
		};
		F7A4F9BC1B1D6EEA00B84A4E /* Build configuration list for PBXProject "WGBLE" */ = {
			isa = XCConfigurationList;
			buildConfigurations = (
				F7A4F9E51B1D6EEA00B84A4E /* Debug */,
				F7A4F9E61B1D6EEA00B84A4E /* Release */,
			);
			defaultConfigurationIsVisible = 0;
			defaultConfigurationName = Release;
		};
		F7A4F9E71B1D6EEA00B84A4E /* Build configuration list for PBXNativeTarget "WGBLE" */ = {
			isa = XCConfigurationList;
			buildConfigurations = (
				F7A4F9E81B1D6EEA00B84A4E /* Debug */,
				F7A4F9E91B1D6EEA00B84A4E /* Release */,
			);
			defaultConfigurationIsVisible = 0;
			defaultConfigurationName = Release;
		};
/* End XCConfigurationList section */
	};
	rootObject = F7A4F9B91B1D6EEA00B84A4E /* Project object */;
}
